// !$*UTF8*$!
{
	archiveVersion = 1;
	classes = {
	};
	objectVersion = 46;
	objects = {

/* Begin PBXBuildFile section */
		E93E2A7C1DCB8ED900F7BEA4 /* AppDelegate.m in Sources */ = {isa = PBXBuildFile; fileRef = E93E2A7B1DCB8ED900F7BEA4 /* AppDelegate.m */; };
		E93E2A7F1DCB8ED900F7BEA4 /* main.m in Sources */ = {isa = PBXBuildFile; fileRef = E93E2A7E1DCB8ED900F7BEA4 /* main.m */; };
		E93E2A821DCB8ED900F7BEA4 /* ViewController.m in Sources */ = {isa = PBXBuildFile; fileRef = E93E2A811DCB8ED900F7BEA4 /* ViewController.m */; };
		E93E2A841DCB8ED900F7BEA4 /* Assets.xcassets in Resources */ = {isa = PBXBuildFile; fileRef = E93E2A831DCB8ED900F7BEA4 /* Assets.xcassets */; };
		E93E2A871DCB8ED900F7BEA4 /* Main.storyboard in Resources */ = {isa = PBXBuildFile; fileRef = E93E2A851DCB8ED900F7BEA4 /* Main.storyboard */; };
		E93E2AAC1DCB8F6400F7BEA4 /* Cocoa.framework in Frameworks */ = {isa = PBXBuildFile; fileRef = E93E2A941DCB8EEF00F7BEA4 /* Cocoa.framework */; };
		E93E2AB21DCB8F6400F7BEA4 /* SourceEditorExtension.m in Sources */ = {isa = PBXBuildFile; fileRef = E93E2AB11DCB8F6400F7BEA4 /* SourceEditorExtension.m */; };
		E93E2AB51DCB8F6400F7BEA4 /* SourceEditorCommand.m in Sources */ = {isa = PBXBuildFile; fileRef = E93E2AB41DCB8F6400F7BEA4 /* SourceEditorCommand.m */; };
		E93E2AB91DCB8F6400F7BEA4 /* SourceEditorExtension.appex in Embed App Extensions */ = {isa = PBXBuildFile; fileRef = E93E2AAB1DCB8F6400F7BEA4 /* SourceEditorExtension.appex */; settings = {ATTRIBUTES = (RemoveHeadersOnCopy, ); }; };
		E93E2AC21DCB914400F7BEA4 /* NSString+XAlign.m in Sources */ = {isa = PBXBuildFile; fileRef = E93E2ABF1DCB914400F7BEA4 /* NSString+XAlign.m */; };
		E93E2AC31DCB914400F7BEA4 /* XAlignPattern.m in Sources */ = {isa = PBXBuildFile; fileRef = E93E2AC11DCB914400F7BEA4 /* XAlignPattern.m */; };
		E93E2AC51DCB93FA00F7BEA4 /* Patterns.bundle in Resources */ = {isa = PBXBuildFile; fileRef = E93E2AC41DCB93FA00F7BEA4 /* Patterns.bundle */; };
		E98288BB1DD61C8000F24778 /* Patterns.bundle in Resources */ = {isa = PBXBuildFile; fileRef = E93E2AC41DCB93FA00F7BEA4 /* Patterns.bundle */; };
/* End PBXBuildFile section */

/* Begin PBXContainerItemProxy section */
		E93E2AB71DCB8F6400F7BEA4 /* PBXContainerItemProxy */ = {
			isa = PBXContainerItemProxy;
			containerPortal = E93E2A6F1DCB8ED900F7BEA4 /* Project object */;
			proxyType = 1;
			remoteGlobalIDString = E93E2AAA1DCB8F6400F7BEA4;
			remoteInfo = SourceEditorExtension;
		};
/* End PBXContainerItemProxy section */

/* Begin PBXCopyFilesBuildPhase section */
		E93E2AA61DCB8EEF00F7BEA4 /* Embed App Extensions */ = {
			isa = PBXCopyFilesBuildPhase;
			buildActionMask = 2147483647;
			dstPath = "";
			dstSubfolderSpec = 13;
			files = (
				E93E2AB91DCB8F6400F7BEA4 /* SourceEditorExtension.appex in Embed App Extensions */,
			);
			name = "Embed App Extensions";
			runOnlyForDeploymentPostprocessing = 0;
		};
/* End PBXCopyFilesBuildPhase section */

/* Begin PBXFileReference section */
		E93E2A771DCB8ED900F7BEA4 /* XAlign.app */ = {isa = PBXFileReference; explicitFileType = wrapper.application; includeInIndex = 0; path = XAlign.app; sourceTree = BUILT_PRODUCTS_DIR; };
		E93E2A7A1DCB8ED900F7BEA4 /* AppDelegate.h */ = {isa = PBXFileReference; lastKnownFileType = sourcecode.c.h; path = AppDelegate.h; sourceTree = "<group>"; };
		E93E2A7B1DCB8ED900F7BEA4 /* AppDelegate.m */ = {isa = PBXFileReference; lastKnownFileType = sourcecode.c.objc; path = AppDelegate.m; sourceTree = "<group>"; };
		E93E2A7E1DCB8ED900F7BEA4 /* main.m */ = {isa = PBXFileReference; lastKnownFileType = sourcecode.c.objc; path = main.m; sourceTree = "<group>"; };
		E93E2A801DCB8ED900F7BEA4 /* ViewController.h */ = {isa = PBXFileReference; lastKnownFileType = sourcecode.c.h; path = ViewController.h; sourceTree = "<group>"; };
		E93E2A811DCB8ED900F7BEA4 /* ViewController.m */ = {isa = PBXFileReference; lastKnownFileType = sourcecode.c.objc; path = ViewController.m; sourceTree = "<group>"; };
		E93E2A831DCB8ED900F7BEA4 /* Assets.xcassets */ = {isa = PBXFileReference; lastKnownFileType = folder.assetcatalog; path = Assets.xcassets; sourceTree = "<group>"; };
		E93E2A861DCB8ED900F7BEA4 /* Base */ = {isa = PBXFileReference; lastKnownFileType = file.storyboard; name = Base; path = Base.lproj/Main.storyboard; sourceTree = "<group>"; };
		E93E2A881DCB8ED900F7BEA4 /* Info.plist */ = {isa = PBXFileReference; lastKnownFileType = text.plist.xml; path = Info.plist; sourceTree = "<group>"; };
		E93E2A941DCB8EEF00F7BEA4 /* Cocoa.framework */ = {isa = PBXFileReference; lastKnownFileType = wrapper.framework; name = Cocoa.framework; path = System/Library/Frameworks/Cocoa.framework; sourceTree = SDKROOT; };
		E93E2AAB1DCB8F6400F7BEA4 /* SourceEditorExtension.appex */ = {isa = PBXFileReference; explicitFileType = "wrapper.app-extension"; includeInIndex = 0; path = SourceEditorExtension.appex; sourceTree = BUILT_PRODUCTS_DIR; };
		E93E2AAF1DCB8F6400F7BEA4 /* SourceEditorExtension.entitlements */ = {isa = PBXFileReference; lastKnownFileType = text.plist.entitlements; path = SourceEditorExtension.entitlements; sourceTree = "<group>"; };
		E93E2AB01DCB8F6400F7BEA4 /* SourceEditorExtension.h */ = {isa = PBXFileReference; lastKnownFileType = sourcecode.c.h; path = SourceEditorExtension.h; sourceTree = "<group>"; };
		E93E2AB11DCB8F6400F7BEA4 /* SourceEditorExtension.m */ = {isa = PBXFileReference; lastKnownFileType = sourcecode.c.objc; path = SourceEditorExtension.m; sourceTree = "<group>"; };
		E93E2AB31DCB8F6400F7BEA4 /* SourceEditorCommand.h */ = {isa = PBXFileReference; lastKnownFileType = sourcecode.c.h; path = SourceEditorCommand.h; sourceTree = "<group>"; };
		E93E2AB41DCB8F6400F7BEA4 /* SourceEditorCommand.m */ = {isa = PBXFileReference; lastKnownFileType = sourcecode.c.objc; path = SourceEditorCommand.m; sourceTree = "<group>"; };
		E93E2AB61DCB8F6400F7BEA4 /* Info.plist */ = {isa = PBXFileReference; lastKnownFileType = text.plist.xml; path = Info.plist; sourceTree = "<group>"; };
		E93E2ABE1DCB914400F7BEA4 /* NSString+XAlign.h */ = {isa = PBXFileReference; fileEncoding = 4; lastKnownFileType = sourcecode.c.h; path = "NSString+XAlign.h"; sourceTree = "<group>"; };
		E93E2ABF1DCB914400F7BEA4 /* NSString+XAlign.m */ = {isa = PBXFileReference; fileEncoding = 4; lastKnownFileType = sourcecode.c.objc; path = "NSString+XAlign.m"; sourceTree = "<group>"; };
		E93E2AC01DCB914400F7BEA4 /* XAlignPattern.h */ = {isa = PBXFileReference; fileEncoding = 4; lastKnownFileType = sourcecode.c.h; path = XAlignPattern.h; sourceTree = "<group>"; };
		E93E2AC11DCB914400F7BEA4 /* XAlignPattern.m */ = {isa = PBXFileReference; fileEncoding = 4; lastKnownFileType = sourcecode.c.objc; path = XAlignPattern.m; sourceTree = "<group>"; };
		E93E2AC41DCB93FA00F7BEA4 /* Patterns.bundle */ = {isa = PBXFileReference; lastKnownFileType = "wrapper.plug-in"; path = Patterns.bundle; sourceTree = "<group>"; };
/* End PBXFileReference section */

/* Begin PBXFrameworksBuildPhase section */
		E93E2A741DCB8ED900F7BEA4 /* Frameworks */ = {
			isa = PBXFrameworksBuildPhase;
			buildActionMask = 2147483647;
			files = (
			);
			runOnlyForDeploymentPostprocessing = 0;
		};
		E93E2AA81DCB8F6400F7BEA4 /* Frameworks */ = {
			isa = PBXFrameworksBuildPhase;
			buildActionMask = 2147483647;
			files = (
				E93E2AAC1DCB8F6400F7BEA4 /* Cocoa.framework in Frameworks */,
			);
			runOnlyForDeploymentPostprocessing = 0;
		};
/* End PBXFrameworksBuildPhase section */

/* Begin PBXGroup section */
		E93E2A6E1DCB8ED900F7BEA4 = {
			isa = PBXGroup;
			children = (
				E93E2A791DCB8ED900F7BEA4 /* XAlign */,
				E93E2ABD1DCB914400F7BEA4 /* Source */,
				E93E2AAD1DCB8F6400F7BEA4 /* SourceEditorExtension */,
				E93E2A931DCB8EEF00F7BEA4 /* Frameworks */,
				E93E2A781DCB8ED900F7BEA4 /* Products */,
			);
			sourceTree = "<group>";
		};
		E93E2A781DCB8ED900F7BEA4 /* Products */ = {
			isa = PBXGroup;
			children = (
				E93E2A771DCB8ED900F7BEA4 /* XAlign.app */,
				E93E2AAB1DCB8F6400F7BEA4 /* SourceEditorExtension.appex */,
			);
			name = Products;
			sourceTree = "<group>";
		};
		E93E2A791DCB8ED900F7BEA4 /* XAlign */ = {
			isa = PBXGroup;
			children = (
				E93E2A7A1DCB8ED900F7BEA4 /* AppDelegate.h */,
				E93E2A7B1DCB8ED900F7BEA4 /* AppDelegate.m */,
				E93E2A801DCB8ED900F7BEA4 /* ViewController.h */,
				E93E2A811DCB8ED900F7BEA4 /* ViewController.m */,
				E93E2A831DCB8ED900F7BEA4 /* Assets.xcassets */,
				E93E2A851DCB8ED900F7BEA4 /* Main.storyboard */,
				E93E2A881DCB8ED900F7BEA4 /* Info.plist */,
				E93E2A7D1DCB8ED900F7BEA4 /* Supporting Files */,
			);
			path = XAlign;
			sourceTree = "<group>";
		};
		E93E2A7D1DCB8ED900F7BEA4 /* Supporting Files */ = {
			isa = PBXGroup;
			children = (
				E93E2A7E1DCB8ED900F7BEA4 /* main.m */,
			);
			name = "Supporting Files";
			sourceTree = "<group>";
		};
		E93E2A931DCB8EEF00F7BEA4 /* Frameworks */ = {
			isa = PBXGroup;
			children = (
				E93E2A941DCB8EEF00F7BEA4 /* Cocoa.framework */,
			);
			name = Frameworks;
			sourceTree = "<group>";
		};
		E93E2AAD1DCB8F6400F7BEA4 /* SourceEditorExtension */ = {
			isa = PBXGroup;
			children = (
				E93E2AB01DCB8F6400F7BEA4 /* SourceEditorExtension.h */,
				E93E2AB11DCB8F6400F7BEA4 /* SourceEditorExtension.m */,
				E93E2AB31DCB8F6400F7BEA4 /* SourceEditorCommand.h */,
				E93E2AB41DCB8F6400F7BEA4 /* SourceEditorCommand.m */,
				E93E2AB61DCB8F6400F7BEA4 /* Info.plist */,
				E93E2AAE1DCB8F6400F7BEA4 /* Supporting Files */,
			);
			path = SourceEditorExtension;
			sourceTree = "<group>";
		};
		E93E2AAE1DCB8F6400F7BEA4 /* Supporting Files */ = {
			isa = PBXGroup;
			children = (
				E93E2AAF1DCB8F6400F7BEA4 /* SourceEditorExtension.entitlements */,
			);
			name = "Supporting Files";
			sourceTree = "<group>";
		};
		E93E2ABD1DCB914400F7BEA4 /* Source */ = {
			isa = PBXGroup;
			children = (
				E93E2AC41DCB93FA00F7BEA4 /* Patterns.bundle */,
				E93E2ABE1DCB914400F7BEA4 /* NSString+XAlign.h */,
				E93E2ABF1DCB914400F7BEA4 /* NSString+XAlign.m */,
				E93E2AC01DCB914400F7BEA4 /* XAlignPattern.h */,
				E93E2AC11DCB914400F7BEA4 /* XAlignPattern.m */,
			);
			path = Source;
			sourceTree = "<group>";
		};
/* End PBXGroup section */

/* Begin PBXNativeTarget section */
		E93E2A761DCB8ED900F7BEA4 /* XAlign */ = {
			isa = PBXNativeTarget;
			buildConfigurationList = E93E2A8B1DCB8ED900F7BEA4 /* Build configuration list for PBXNativeTarget "XAlign" */;
			buildPhases = (
				E93E2A731DCB8ED900F7BEA4 /* Sources */,
				E93E2A741DCB8ED900F7BEA4 /* Frameworks */,
				E93E2A751DCB8ED900F7BEA4 /* Resources */,
				E93E2AA61DCB8EEF00F7BEA4 /* Embed App Extensions */,
			);
			buildRules = (
			);
			dependencies = (
				E93E2AB81DCB8F6400F7BEA4 /* PBXTargetDependency */,
			);
			name = XAlign;
			productName = XAlign;
			productReference = E93E2A771DCB8ED900F7BEA4 /* XAlign.app */;
			productType = "com.apple.product-type.application";
		};
		E93E2AAA1DCB8F6400F7BEA4 /* SourceEditorExtension */ = {
			isa = PBXNativeTarget;
			buildConfigurationList = E93E2ABA1DCB8F6400F7BEA4 /* Build configuration list for PBXNativeTarget "SourceEditorExtension" */;
			buildPhases = (
				E93E2AA71DCB8F6400F7BEA4 /* Sources */,
				E93E2AA81DCB8F6400F7BEA4 /* Frameworks */,
				E93E2AA91DCB8F6400F7BEA4 /* Resources */,
			);
			buildRules = (
			);
			dependencies = (
			);
			name = SourceEditorExtension;
			productName = SourceEditorExtension;
			productReference = E93E2AAB1DCB8F6400F7BEA4 /* SourceEditorExtension.appex */;
			productType = "com.apple.product-type.xcode-extension";
		};
/* End PBXNativeTarget section */

/* Begin PBXProject section */
		E93E2A6F1DCB8ED900F7BEA4 /* Project object */ = {
			isa = PBXProject;
			attributes = {
				LastUpgradeCheck = 0810;
				ORGANIZATIONNAME = QFish;
				TargetAttributes = {
					E93E2A761DCB8ED900F7BEA4 = {
						CreatedOnToolsVersion = 8.1;
						DevelopmentTeam = W22HJ57AL8;
						ProvisioningStyle = Automatic;
					};
					E93E2AAA1DCB8F6400F7BEA4 = {
						CreatedOnToolsVersion = 8.1;
						DevelopmentTeam = W22HJ57AL8;
						ProvisioningStyle = Automatic;
					};
				};
			};
			buildConfigurationList = E93E2A721DCB8ED900F7BEA4 /* Build configuration list for PBXProject "XAlign" */;
			compatibilityVersion = "Xcode 3.2";
			developmentRegion = English;
			hasScannedForEncodings = 0;
			knownRegions = (
				en,
				Base,
			);
			mainGroup = E93E2A6E1DCB8ED900F7BEA4;
			productRefGroup = E93E2A781DCB8ED900F7BEA4 /* Products */;
			projectDirPath = "";
			projectRoot = "";
			targets = (
				E93E2A761DCB8ED900F7BEA4 /* XAlign */,
				E93E2AAA1DCB8F6400F7BEA4 /* SourceEditorExtension */,
			);
		};
/* End PBXProject section */

/* Begin PBXResourcesBuildPhase section */
		E93E2A751DCB8ED900F7BEA4 /* Resources */ = {
			isa = PBXResourcesBuildPhase;
			buildActionMask = 2147483647;
			files = (
				E93E2A841DCB8ED900F7BEA4 /* Assets.xcassets in Resources */,
				E93E2A871DCB8ED900F7BEA4 /* Main.storyboard in Resources */,
				E93E2AC51DCB93FA00F7BEA4 /* Patterns.bundle in Resources */,
			);
			runOnlyForDeploymentPostprocessing = 0;
		};
		E93E2AA91DCB8F6400F7BEA4 /* Resources */ = {
			isa = PBXResourcesBuildPhase;
			buildActionMask = 2147483647;
			files = (
				E98288BB1DD61C8000F24778 /* Patterns.bundle in Resources */,
			);
			runOnlyForDeploymentPostprocessing = 0;
		};
/* End PBXResourcesBuildPhase section */

/* Begin PBXSourcesBuildPhase section */
		E93E2A731DCB8ED900F7BEA4 /* Sources */ = {
			isa = PBXSourcesBuildPhase;
			buildActionMask = 2147483647;
			files = (
				E93E2A821DCB8ED900F7BEA4 /* ViewController.m in Sources */,
				E93E2A7F1DCB8ED900F7BEA4 /* main.m in Sources */,
				E93E2A7C1DCB8ED900F7BEA4 /* AppDelegate.m in Sources */,
			);
			runOnlyForDeploymentPostprocessing = 0;
		};
		E93E2AA71DCB8F6400F7BEA4 /* Sources */ = {
			isa = PBXSourcesBuildPhase;
			buildActionMask = 2147483647;
			files = (
				E93E2AB21DCB8F6400F7BEA4 /* SourceEditorExtension.m in Sources */,
				E93E2AB51DCB8F6400F7BEA4 /* SourceEditorCommand.m in Sources */,
				E93E2AC21DCB914400F7BEA4 /* NSString+XAlign.m in Sources */,
				E93E2AC31DCB914400F7BEA4 /* XAlignPattern.m in Sources */,
			);
			runOnlyForDeploymentPostprocessing = 0;
		};
/* End PBXSourcesBuildPhase section */

/* Begin PBXTargetDependency section */
		E93E2AB81DCB8F6400F7BEA4 /* PBXTargetDependency */ = {
			isa = PBXTargetDependency;
			target = E93E2AAA1DCB8F6400F7BEA4 /* SourceEditorExtension */;
			targetProxy = E93E2AB71DCB8F6400F7BEA4 /* PBXContainerItemProxy */;
		};
/* End PBXTargetDependency section */

/* Begin PBXVariantGroup section */
		E93E2A851DCB8ED900F7BEA4 /* Main.storyboard */ = {
			isa = PBXVariantGroup;
			children = (
				E93E2A861DCB8ED900F7BEA4 /* Base */,
			);
			name = Main.storyboard;
			sourceTree = "<group>";
		};
/* End PBXVariantGroup section */

/* Begin XCBuildConfiguration section */
		E93E2A891DCB8ED900F7BEA4 /* Debug */ = {
			isa = XCBuildConfiguration;
			buildSettings = {
				ALWAYS_SEARCH_USER_PATHS = NO;
				CLANG_ANALYZER_NONNULL = YES;
				CLANG_CXX_LANGUAGE_STANDARD = "gnu++0x";
				CLANG_CXX_LIBRARY = "libc++";
				CLANG_ENABLE_MODULES = YES;
				CLANG_ENABLE_OBJC_ARC = YES;
				CLANG_WARN_BOOL_CONVERSION = YES;
				CLANG_WARN_CONSTANT_CONVERSION = YES;
				CLANG_WARN_DIRECT_OBJC_ISA_USAGE = YES_ERROR;
				CLANG_WARN_DOCUMENTATION_COMMENTS = YES;
				CLANG_WARN_EMPTY_BODY = YES;
				CLANG_WARN_ENUM_CONVERSION = YES;
				CLANG_WARN_INFINITE_RECURSION = YES;
				CLANG_WARN_INT_CONVERSION = YES;
				CLANG_WARN_OBJC_ROOT_CLASS = YES_ERROR;
				CLANG_WARN_SUSPICIOUS_MOVES = YES;
				CLANG_WARN_UNREACHABLE_CODE = YES;
				CLANG_WARN__DUPLICATE_METHOD_MATCH = YES;
				CODE_SIGN_IDENTITY = "-";
				COPY_PHASE_STRIP = NO;
				DEBUG_INFORMATION_FORMAT = dwarf;
				ENABLE_STRICT_OBJC_MSGSEND = YES;
				ENABLE_TESTABILITY = YES;
				GCC_C_LANGUAGE_STANDARD = gnu99;
				GCC_DYNAMIC_NO_PIC = NO;
				GCC_NO_COMMON_BLOCKS = YES;
				GCC_OPTIMIZATION_LEVEL = 0;
				GCC_PREPROCESSOR_DEFINITIONS = (
					"DEBUG=1",
					"$(inherited)",
				);
				GCC_WARN_64_TO_32_BIT_CONVERSION = YES;
				GCC_WARN_ABOUT_RETURN_TYPE = YES_ERROR;
				GCC_WARN_UNDECLARED_SELECTOR = YES;
				GCC_WARN_UNINITIALIZED_AUTOS = YES_AGGRESSIVE;
				GCC_WARN_UNUSED_FUNCTION = YES;
				GCC_WARN_UNUSED_VARIABLE = YES;
				MACOSX_DEPLOYMENT_TARGET = 10.10;
				MTL_ENABLE_DEBUG_INFO = YES;
				ONLY_ACTIVE_ARCH = YES;
				SDKROOT = macosx;
			};
			name = Debug;
		};
		E93E2A8A1DCB8ED900F7BEA4 /* Release */ = {
			isa = XCBuildConfiguration;
			buildSettings = {
				ALWAYS_SEARCH_USER_PATHS = NO;
				CLANG_ANALYZER_NONNULL = YES;
				CLANG_CXX_LANGUAGE_STANDARD = "gnu++0x";
				CLANG_CXX_LIBRARY = "libc++";
				CLANG_ENABLE_MODULES = YES;
				CLANG_ENABLE_OBJC_ARC = YES;
				CLANG_WARN_BOOL_CONVERSION = YES;
				CLANG_WARN_CONSTANT_CONVERSION = YES;
				CLANG_WARN_DIRECT_OBJC_ISA_USAGE = YES_ERROR;
				CLANG_WARN_DOCUMENTATION_COMMENTS = YES;
				CLANG_WARN_EMPTY_BODY = YES;
				CLANG_WARN_ENUM_CONVERSION = YES;
				CLANG_WARN_INFINITE_RECURSION = YES;
				CLANG_WARN_INT_CONVERSION = YES;
				CLANG_WARN_OBJC_ROOT_CLASS = YES_ERROR;
				CLANG_WARN_SUSPICIOUS_MOVES = YES;
				CLANG_WARN_UNREACHABLE_CODE = YES;
				CLANG_WARN__DUPLICATE_METHOD_MATCH = YES;
				CODE_SIGN_IDENTITY = "-";
				COPY_PHASE_STRIP = NO;
				DEBUG_INFORMATION_FORMAT = "dwarf-with-dsym";
				ENABLE_NS_ASSERTIONS = NO;
				ENABLE_STRICT_OBJC_MSGSEND = YES;
				GCC_C_LANGUAGE_STANDARD = gnu99;
				GCC_NO_COMMON_BLOCKS = YES;
				GCC_WARN_64_TO_32_BIT_CONVERSION = YES;
				GCC_WARN_ABOUT_RETURN_TYPE = YES_ERROR;
				GCC_WARN_UNDECLARED_SELECTOR = YES;
				GCC_WARN_UNINITIALIZED_AUTOS = YES_AGGRESSIVE;
				GCC_WARN_UNUSED_FUNCTION = YES;
				GCC_WARN_UNUSED_VARIABLE = YES;
				MACOSX_DEPLOYMENT_TARGET = 10.10;
				MTL_ENABLE_DEBUG_INFO = NO;
				SDKROOT = macosx;
			};
			name = Release;
		};
		E93E2A8C1DCB8ED900F7BEA4 /* Debug */ = {
			isa = XCBuildConfiguration;
			buildSettings = {
				ASSETCATALOG_COMPILER_APPICON_NAME = AppIcon;
				CODE_SIGN_IDENTITY = "Mac Developer";
				COMBINE_HIDPI_IMAGES = YES;
				DEVELOPMENT_TEAM = W22HJ57AL8;
				INFOPLIST_FILE = XAlign/Info.plist;
				LD_RUNPATH_SEARCH_PATHS = "$(inherited) @executable_path/../Frameworks";
				PRODUCT_BUNDLE_IDENTIFIER = qfi.sh.osx.xalign;
				PRODUCT_NAME = "$(TARGET_NAME)";
			};
			name = Debug;
		};
		E93E2A8D1DCB8ED900F7BEA4 /* Release */ = {
			isa = XCBuildConfiguration;
			buildSettings = {
				ASSETCATALOG_COMPILER_APPICON_NAME = AppIcon;
				CODE_SIGN_IDENTITY = "Mac Developer";
				COMBINE_HIDPI_IMAGES = YES;
				DEVELOPMENT_TEAM = W22HJ57AL8;
				INFOPLIST_FILE = XAlign/Info.plist;
				LD_RUNPATH_SEARCH_PATHS = "$(inherited) @executable_path/../Frameworks";
				PRODUCT_BUNDLE_IDENTIFIER = qfi.sh.osx.xalign;
				PRODUCT_NAME = "$(TARGET_NAME)";
			};
			name = Release;
		};
		E93E2ABB1DCB8F6400F7BEA4 /* Debug */ = {
			isa = XCBuildConfiguration;
			buildSettings = {
				CODE_SIGN_ENTITLEMENTS = SourceEditorExtension/SourceEditorExtension.entitlements;
				CODE_SIGN_IDENTITY = "Mac Developer";
				COMBINE_HIDPI_IMAGES = YES;
				DEVELOPMENT_TEAM = W22HJ57AL8;
				INFOPLIST_FILE = SourceEditorExtension/Info.plist;
				LD_RUNPATH_SEARCH_PATHS = "$(inherited) @executable_path/../Frameworks @executable_path/../../../../Frameworks";
				MACOSX_DEPLOYMENT_TARGET = 10.11;
				PRODUCT_BUNDLE_IDENTIFIER = qfi.sh.osx.xalign;
				PRODUCT_NAME = "$(TARGET_NAME)";
				SKIP_INSTALL = YES;
			};
			name = Debug;
		};
		E93E2ABC1DCB8F6400F7BEA4 /* Release */ = {
			isa = XCBuildConfiguration;
			buildSettings = {
				CODE_SIGN_ENTITLEMENTS = SourceEditorExtension/SourceEditorExtension.entitlements;
				CODE_SIGN_IDENTITY = "Mac Developer";
				COMBINE_HIDPI_IMAGES = YES;
				DEVELOPMENT_TEAM = W22HJ57AL8;
				INFOPLIST_FILE = SourceEditorExtension/Info.plist;
				LD_RUNPATH_SEARCH_PATHS = "$(inherited) @executable_path/../Frameworks @executable_path/../../../../Frameworks";
				MACOSX_DEPLOYMENT_TARGET = 10.11;
				PRODUCT_BUNDLE_IDENTIFIER = qfi.sh.osx.xalign;
				PRODUCT_NAME = "$(TARGET_NAME)";
				SKIP_INSTALL = YES;
			};
			name = Release;
		};
/* End XCBuildConfiguration section */

/* Begin XCConfigurationList section */
		E93E2A721DCB8ED900F7BEA4 /* Build configuration list for PBXProject "XAlign" */ = {
			isa = XCConfigurationList;
			buildConfigurations = (
				E93E2A891DCB8ED900F7BEA4 /* Debug */,
				E93E2A8A1DCB8ED900F7BEA4 /* Release */,
			);
			defaultConfigurationIsVisible = 0;
			defaultConfigurationName = Release;
		};
		E93E2A8B1DCB8ED900F7BEA4 /* Build configuration list for PBXNativeTarget "XAlign" */ = {
			isa = XCConfigurationList;
			buildConfigurations = (
				E93E2A8C1DCB8ED900F7BEA4 /* Debug */,
				E93E2A8D1DCB8ED900F7BEA4 /* Release */,
			);
			defaultConfigurationIsVisible = 0;
			defaultConfigurationName = Release;
		};
		E93E2ABA1DCB8F6400F7BEA4 /* Build configuration list for PBXNativeTarget "SourceEditorExtension" */ = {
			isa = XCConfigurationList;
			buildConfigurations = (
				E93E2ABB1DCB8F6400F7BEA4 /* Debug */,
				E93E2ABC1DCB8F6400F7BEA4 /* Release */,
			);
			defaultConfigurationIsVisible = 0;
			defaultConfigurationName = Release;
		};
/* End XCConfigurationList section */
	};
	rootObject = E93E2A6F1DCB8ED900F7BEA4 /* Project object */;
}
